
Microsoft Visual Studio Solution File, Format Version 12.00
# Visual Studio Version 17
VisualStudioVersion = 17.6.33815.320
MinimumVisualStudioVersion = 10.0.40219.1
Project("{8BC9CEB8-8B4A-11D0-8D11-00A0C91BC942}") = "TMC Serial Driver 0.2", "TMC Serial Driver 0.2\TMC Serial Driver 0.2.vcxproj", "{0D4D7B6C-ED6B-4B2A-9EAF-E7DD003C430D}"
EndProject
Global
	GlobalSection(SolutionConfigurationPlatforms) = preSolution
		Debug|ARM = Debug|ARM
		Debug|ARM64 = Debug|ARM64
		Debug|x64 = Debug|x64
		Debug|x86 = Debug|x86
		Release|ARM = Release|ARM
		Release|ARM64 = Release|ARM64
		Release|x64 = Release|x64
		Release|x86 = Release|x86
	EndGlobalSection
	GlobalSection(ProjectConfigurationPlatforms) = postSolution
		{0D4D7B6C-ED6B-4B2A-9EAF-E7DD003C430D}.Debug|ARM.ActiveCfg = Debug|ARM
		{0D4D7B6C-ED6B-4B2A-9EAF-E7DD003C430D}.Debug|ARM.Build.0 = Debug|ARM
		{0D4D7B6C-ED6B-4B2A-9EAF-E7DD003C430D}.Debug|ARM.Deploy.0 = Debug|ARM
		{0D4D7B6C-ED6B-4B2A-9EAF-E7DD003C430D}.Debug|ARM64.ActiveCfg = Debug|ARM64
		{0D4D7B6C-ED6B-4B2A-9EAF-E7DD003C430D}.Debug|ARM64.Build.0 = Debug|ARM64
		{0D4D7B6C-ED6B-4B2A-9EAF-E7DD003C430D}.Debug|ARM64.Deploy.0 = Debug|ARM64
		{0D4D7B6C-ED6B-4B2A-9EAF-E7DD003C430D}.Debug|x64.ActiveCfg = Debug|x64
		{0D4D7B6C-ED6B-4B2A-9EAF-E7DD003C430D}.Debug|x64.Build.0 = Debug|x64
		{0D4D7B6C-ED6B-4B2A-9EAF-E7DD003C430D}.Debug|x64.Deploy.0 = Debug|x64
		{0D4D7B6C-ED6B-4B2A-9EAF-E7DD003C430D}.Debug|x86.ActiveCfg = Debug|x86
		{0D4D7B6C-ED6B-4B2A-9EAF-E7DD003C430D}.Debug|x86.Build.0 = Debug|x86
		{0D4D7B6C-ED6B-4B2A-9EAF-E7DD003C430D}.Debug|x86.Deploy.0 = Debug|x86
		{0D4D7B6C-ED6B-4B2A-9EAF-E7DD003C430D}.Release|ARM.ActiveCfg = Release|ARM
		{0D4D7B6C-ED6B-4B2A-9EAF-E7DD003C430D}.Release|ARM.Build.0 = Release|ARM
		{0D4D7B6C-ED6B-4B2A-9EAF-E7DD003C430D}.Release|ARM.Deploy.0 = Release|ARM
		{0D4D7B6C-ED6B-4B2A-9EAF-E7DD003C430D}.Release|ARM64.ActiveCfg = Release|ARM64
		{0D4D7B6C-ED6B-4B2A-9EAF-E7DD003C430D}.Release|ARM64.Build.0 = Release|ARM64
		{0D4D7B6C-ED6B-4B2A-9EAF-E7DD003C430D}.Release|ARM64.Deploy.0 = Release|ARM64
		{0D4D7B6C-ED6B-4B2A-9EAF-E7DD003C430D}.Release|x64.ActiveCfg = Release|x64
		{0D4D7B6C-ED6B-4B2A-9EAF-E7DD003C430D}.Release|x64.Build.0 = Release|x64
		{0D4D7B6C-ED6B-4B2A-9EAF-E7DD003C430D}.Release|x64.Deploy.0 = Release|x64
		{0D4D7B6C-ED6B-4B2A-9EAF-E7DD003C430D}.Release|x86.ActiveCfg = Release|x86
		{0D4D7B6C-ED6B-4B2A-9EAF-E7DD003C430D}.Release|x86.Build.0 = Release|x86
		{0D4D7B6C-ED6B-4B2A-9EAF-E7DD003C430D}.Release|x86.Deploy.0 = Release|x86
	EndGlobalSection
	GlobalSection(SolutionProperties) = preSolution
		HideSolutionNode = FALSE
	EndGlobalSection
	GlobalSection(ExtensibilityGlobals) = postSolution
		SolutionGuid = {50F02C3A-3340-48C5-9227-A549F981D0EE}
	EndGlobalSection
EndGlobal
